
Microsoft Visual Studio Solution File, Format Version 12.00
# Visual Studio 15
VisualStudioVersion = 15.0.28307.168
MinimumVisualStudioVersion = 10.0.40219.1
Project("{FAE04EC0-301F-11D3-BF4B-00C04F79EFBC}") = "SCPSwap", "SCPSwap\SCPSwap.csproj", "{AD01D12A-6D93-40A1-A35B-42D315E876A1}"
EndProject
Global
	GlobalSection(SolutionConfigurationPlatforms) = preSolution
		Debug|Any CPU = Debug|Any CPU
		Release|Any CPU = Release|Any CPU
	EndGlobalSection
	GlobalSection(ProjectConfigurationPlatforms) = postSolution
		{AD01D12A-6D93-40A1-A35B-42D315E876A1}.Debug|Any CPU.ActiveCfg = Debug|Any CPU
		{AD01D12A-6D93-40A1-A35B-42D315E876A1}.Debug|Any CPU.Build.0 = Debug|Any CPU
		{AD01D12A-6D93-40A1-A35B-42D315E876A1}.Release|Any CPU.ActiveCfg = Release|Any CPU
		{AD01D12A-6D93-40A1-A35B-42D315E876A1}.Release|Any CPU.Build.0 = Release|Any CPU
	EndGlobalSection
	GlobalSection(SolutionProperties) = preSolution
		HideSolutionNode = FALSE
	EndGlobalSection
	GlobalSection(ExtensibilityGlobals) = postSolution
		SolutionGuid = {3BBB6BA7-D1CE-4F47-A24C-BAD000AA8C0A}
	EndGlobalSection
EndGlobal
